
Microsoft Visual Studio Solution File, Format Version 12.00
# Visual Studio Version 17
VisualStudioVersion = 17.2.32602.215
MinimumVisualStudioVersion = 10.0.40219.1
Project("{9A19103F-16F7-4668-BE54-9A1E7A4F7556}") = "SlipeServer.BasicTemplate", "SlipeServer.BasicTemplate.csproj", "{6D2346C1-BF79-449C-8335-8BD71160440A}"
EndProject
Global
	GlobalSection(SolutionConfigurationPlatforms) = preSolution
		Debug|Any CPU = Debug|Any CPU
		Release|Any CPU = Release|Any CPU
	EndGlobalSection
	GlobalSection(ProjectConfigurationPlatforms) = postSolution
		{6D2346C1-BF79-449C-8335-8BD71160440A}.Debug|Any CPU.ActiveCfg = Debug|Any CPU
		{6D2346C1-BF79-449C-8335-8BD71160440A}.Debug|Any CPU.Build.0 = Debug|Any CPU
		{6D2346C1-BF79-449C-8335-8BD71160440A}.Release|Any CPU.ActiveCfg = Release|Any CPU
		{6D2346C1-BF79-449C-8335-8BD71160440A}.Release|Any CPU.Build.0 = Release|Any CPU
	EndGlobalSection
	GlobalSection(SolutionProperties) = preSolution
		HideSolutionNode = FALSE
	EndGlobalSection
	GlobalSection(ExtensibilityGlobals) = postSolution
		SolutionGuid = {9EAFCE8D-7C44-49B0-A1A9-553BCD3E6A15}
	EndGlobalSection
EndGlobal
